// !$*UTF8*$!
{
	archiveVersion = 1;
	classes = {
	};
	objectVersion = 55;
	objects = {

/* Begin PBXBuildFile section */
		AB082B2127FA1F420018F301 /* NoSpaceList.swift in Sources */ = {isa = PBXBuildFile; fileRef = AB082B2027FA1F420018F301 /* NoSpaceList.swift */; };
		AB08889127F2087800E12C55 /* GameViewMaxQ.swift in Sources */ = {isa = PBXBuildFile; fileRef = AB08889027F2087800E12C55 /* GameViewMaxQ.swift */; };
		AB08889327F215CC00E12C55 /* AnswerViewMaxQ.swift in Sources */ = {isa = PBXBuildFile; fileRef = AB08889227F215CC00E12C55 /* AnswerViewMaxQ.swift */; };
		AB08889527F2184B00E12C55 /* StatsViewMaxQ.swift in Sources */ = {isa = PBXBuildFile; fileRef = AB08889427F2184B00E12C55 /* StatsViewMaxQ.swift */; };
		AB08889727F218D100E12C55 /* GameOverMaxQ.swift in Sources */ = {isa = PBXBuildFile; fileRef = AB08889627F218D100E12C55 /* GameOverMaxQ.swift */; };
		AB2C91A827ECA80600D21A3E /* AnswerViewTimed.swift in Sources */ = {isa = PBXBuildFile; fileRef = AB2C91A727ECA80600D21A3E /* AnswerViewTimed.swift */; };
		AB2C91AA27ECBB3E00D21A3E /* StatsViewTimed.swift in Sources */ = {isa = PBXBuildFile; fileRef = AB2C91A927ECBB3E00D21A3E /* StatsViewTimed.swift */; };
		AB2C91AC27ECBC2000D21A3E /* GameViewTimed.swift in Sources */ = {isa = PBXBuildFile; fileRef = AB2C91AB27ECBC2000D21A3E /* GameViewTimed.swift */; };
		AB2C91AE27ECBCBB00D21A3E /* GameOverTimed.swift in Sources */ = {isa = PBXBuildFile; fileRef = AB2C91AD27ECBCBB00D21A3E /* GameOverTimed.swift */; };
		AB2EF9A027E214CC007AD225 /* EndlessBrain.swift in Sources */ = {isa = PBXBuildFile; fileRef = AB2EF99F27E214CC007AD225 /* EndlessBrain.swift */; };
		AB34EF2B27F3777D003EA7EE /* ModelData.swift in Sources */ = {isa = PBXBuildFile; fileRef = AB34EF2A27F3777D003EA7EE /* ModelData.swift */; };
		AB34EF2E27F49FFA003EA7EE /* maxData.json in Resources */ = {isa = PBXBuildFile; fileRef = AB34EF2D27F49FFA003EA7EE /* maxData.json */; };
		AB34EF3027F4A17D003EA7EE /* endlessData.json in Resources */ = {isa = PBXBuildFile; fileRef = AB34EF2F27F4A17D003EA7EE /* endlessData.json */; };
		AB34EF3227F4A184003EA7EE /* timedData.json in Resources */ = {isa = PBXBuildFile; fileRef = AB34EF3127F4A184003EA7EE /* timedData.json */; };
		AB358CFE27DFB84A00A6DB1F /* AnswerViewEndless.swift in Sources */ = {isa = PBXBuildFile; fileRef = AB358CFD27DFB84A00A6DB1F /* AnswerViewEndless.swift */; };
		AB358D0027DFB92A00A6DB1F /* StatsViewEndless.swift in Sources */ = {isa = PBXBuildFile; fileRef = AB358CFF27DFB92A00A6DB1F /* StatsViewEndless.swift */; };
		AB358D0427DFC9A100A6DB1F /* CircularPercentageBar.swift in Sources */ = {isa = PBXBuildFile; fileRef = AB358D0327DFC9A100A6DB1F /* CircularPercentageBar.swift */; };
		AB4B643727DB97F400ADB13A /* Simple_Math__SwiftUI_App.swift in Sources */ = {isa = PBXBuildFile; fileRef = AB4B643627DB97F400ADB13A /* Simple_Math__SwiftUI_App.swift */; };
		AB4B643927DB97F400ADB13A /* ContentView.swift in Sources */ = {isa = PBXBuildFile; fileRef = AB4B643827DB97F400ADB13A /* ContentView.swift */; };
		AB4B643B27DB97F400ADB13A /* Assets.xcassets in Resources */ = {isa = PBXBuildFile; fileRef = AB4B643A27DB97F400ADB13A /* Assets.xcassets */; };
		AB4B643E27DB97F400ADB13A /* Preview Assets.xcassets in Resources */ = {isa = PBXBuildFile; fileRef = AB4B643D27DB97F400ADB13A /* Preview Assets.xcassets */; };
		AB5A7C1927EC13BE009C70ED /* TimedView.swift in Sources */ = {isa = PBXBuildFile; fileRef = AB5A7C1827EC13BE009C70ED /* TimedView.swift */; };
		AB5A7C1D27EC14E6009C70ED /* MaxQuestionsView.swift in Sources */ = {isa = PBXBuildFile; fileRef = AB5A7C1C27EC14E6009C70ED /* MaxQuestionsView.swift */; };
		ABC936D827DFE96F00C054E3 /* Equation.swift in Sources */ = {isa = PBXBuildFile; fileRef = ABC936D727DFE96F00C054E3 /* Equation.swift */; };
		ABC936DC27E00C9B00C054E3 /* CircularRatioBar.swift in Sources */ = {isa = PBXBuildFile; fileRef = ABC936DB27E00C9B00C054E3 /* CircularRatioBar.swift */; };
		ABC936E027E0253300C054E3 /* EndlessView.swift in Sources */ = {isa = PBXBuildFile; fileRef = ABC936DF27E0253300C054E3 /* EndlessView.swift */; };
		ABE241DC27EC9D5E00858474 /* TimedBrain.swift in Sources */ = {isa = PBXBuildFile; fileRef = ABE241DB27EC9D5E00858474 /* TimedBrain.swift */; };
		ABE241DE27EC9D6900858474 /* MaxBrain.swift in Sources */ = {isa = PBXBuildFile; fileRef = ABE241DD27EC9D6900858474 /* MaxBrain.swift */; };
		ABE241E427ECA6AA00858474 /* GameViewEndless.swift in Sources */ = {isa = PBXBuildFile; fileRef = ABE241E327ECA6AA00858474 /* GameViewEndless.swift */; };
/* End PBXBuildFile section */

/* Begin PBXFileReference section */
		AB082B2027FA1F420018F301 /* NoSpaceList.swift */ = {isa = PBXFileReference; lastKnownFileType = sourcecode.swift; path = NoSpaceList.swift; sourceTree = "<group>"; };
		AB08889027F2087800E12C55 /* GameViewMaxQ.swift */ = {isa = PBXFileReference; lastKnownFileType = sourcecode.swift; path = GameViewMaxQ.swift; sourceTree = "<group>"; };
		AB08889227F215CC00E12C55 /* AnswerViewMaxQ.swift */ = {isa = PBXFileReference; lastKnownFileType = sourcecode.swift; path = AnswerViewMaxQ.swift; sourceTree = "<group>"; };
		AB08889427F2184B00E12C55 /* StatsViewMaxQ.swift */ = {isa = PBXFileReference; lastKnownFileType = sourcecode.swift; path = StatsViewMaxQ.swift; sourceTree = "<group>"; };
		AB08889627F218D100E12C55 /* GameOverMaxQ.swift */ = {isa = PBXFileReference; lastKnownFileType = sourcecode.swift; path = GameOverMaxQ.swift; sourceTree = "<group>"; };
		AB2C91A727ECA80600D21A3E /* AnswerViewTimed.swift */ = {isa = PBXFileReference; lastKnownFileType = sourcecode.swift; path = AnswerViewTimed.swift; sourceTree = "<group>"; };
		AB2C91A927ECBB3E00D21A3E /* StatsViewTimed.swift */ = {isa = PBXFileReference; lastKnownFileType = sourcecode.swift; path = StatsViewTimed.swift; sourceTree = "<group>"; };
		AB2C91AB27ECBC2000D21A3E /* GameViewTimed.swift */ = {isa = PBXFileReference; lastKnownFileType = sourcecode.swift; path = GameViewTimed.swift; sourceTree = "<group>"; };
		AB2C91AD27ECBCBB00D21A3E /* GameOverTimed.swift */ = {isa = PBXFileReference; lastKnownFileType = sourcecode.swift; path = GameOverTimed.swift; sourceTree = "<group>"; };
		AB2EF99F27E214CC007AD225 /* EndlessBrain.swift */ = {isa = PBXFileReference; lastKnownFileType = sourcecode.swift; path = EndlessBrain.swift; sourceTree = "<group>"; };
		AB34EF2A27F3777D003EA7EE /* ModelData.swift */ = {isa = PBXFileReference; lastKnownFileType = sourcecode.swift; path = ModelData.swift; sourceTree = "<group>"; };
		AB34EF2D27F49FFA003EA7EE /* maxData.json */ = {isa = PBXFileReference; fileEncoding = 4; lastKnownFileType = text.json; path = maxData.json; sourceTree = "<group>"; };
		AB34EF2F27F4A17D003EA7EE /* endlessData.json */ = {isa = PBXFileReference; fileEncoding = 4; lastKnownFileType = text.json; path = endlessData.json; sourceTree = "<group>"; };
		AB34EF3127F4A184003EA7EE /* timedData.json */ = {isa = PBXFileReference; fileEncoding = 4; lastKnownFileType = text.json; path = timedData.json; sourceTree = "<group>"; };
		AB358CFD27DFB84A00A6DB1F /* AnswerViewEndless.swift */ = {isa = PBXFileReference; lastKnownFileType = sourcecode.swift; path = AnswerViewEndless.swift; sourceTree = "<group>"; };
		AB358CFF27DFB92A00A6DB1F /* StatsViewEndless.swift */ = {isa = PBXFileReference; lastKnownFileType = sourcecode.swift; path = StatsViewEndless.swift; sourceTree = "<group>"; };
		AB358D0327DFC9A100A6DB1F /* CircularPercentageBar.swift */ = {isa = PBXFileReference; lastKnownFileType = sourcecode.swift; path = CircularPercentageBar.swift; sourceTree = "<group>"; };
		AB4B643327DB97F400ADB13A /* Simple Math (SwiftUI).app */ = {isa = PBXFileReference; explicitFileType = wrapper.application; includeInIndex = 0; path = "Simple Math (SwiftUI).app"; sourceTree = BUILT_PRODUCTS_DIR; };
		AB4B643627DB97F400ADB13A /* Simple_Math__SwiftUI_App.swift */ = {isa = PBXFileReference; lastKnownFileType = sourcecode.swift; path = Simple_Math__SwiftUI_App.swift; sourceTree = "<group>"; };
		AB4B643827DB97F400ADB13A /* ContentView.swift */ = {isa = PBXFileReference; lastKnownFileType = sourcecode.swift; path = ContentView.swift; sourceTree = "<group>"; };
		AB4B643A27DB97F400ADB13A /* Assets.xcassets */ = {isa = PBXFileReference; lastKnownFileType = folder.assetcatalog; path = Assets.xcassets; sourceTree = "<group>"; };
		AB4B643D27DB97F400ADB13A /* Preview Assets.xcassets */ = {isa = PBXFileReference; lastKnownFileType = folder.assetcatalog; path = "Preview Assets.xcassets"; sourceTree = "<group>"; };
		AB5A7C1827EC13BE009C70ED /* TimedView.swift */ = {isa = PBXFileReference; lastKnownFileType = sourcecode.swift; path = TimedView.swift; sourceTree = "<group>"; };
		AB5A7C1C27EC14E6009C70ED /* MaxQuestionsView.swift */ = {isa = PBXFileReference; lastKnownFileType = sourcecode.swift; path = MaxQuestionsView.swift; sourceTree = "<group>"; };
		ABC936D727DFE96F00C054E3 /* Equation.swift */ = {isa = PBXFileReference; lastKnownFileType = sourcecode.swift; path = Equation.swift; sourceTree = "<group>"; };
		ABC936DB27E00C9B00C054E3 /* CircularRatioBar.swift */ = {isa = PBXFileReference; lastKnownFileType = sourcecode.swift; path = CircularRatioBar.swift; sourceTree = "<group>"; };
		ABC936DF27E0253300C054E3 /* EndlessView.swift */ = {isa = PBXFileReference; lastKnownFileType = sourcecode.swift; path = EndlessView.swift; sourceTree = "<group>"; };
		ABE241DB27EC9D5E00858474 /* TimedBrain.swift */ = {isa = PBXFileReference; lastKnownFileType = sourcecode.swift; path = TimedBrain.swift; sourceTree = "<group>"; };
		ABE241DD27EC9D6900858474 /* MaxBrain.swift */ = {isa = PBXFileReference; lastKnownFileType = sourcecode.swift; path = MaxBrain.swift; sourceTree = "<group>"; };
		ABE241E327ECA6AA00858474 /* GameViewEndless.swift */ = {isa = PBXFileReference; lastKnownFileType = sourcecode.swift; path = GameViewEndless.swift; sourceTree = "<group>"; };
/* End PBXFileReference section */

/* Begin PBXFrameworksBuildPhase section */
		AB4B643027DB97F400ADB13A /* Frameworks */ = {
			isa = PBXFrameworksBuildPhase;
			buildActionMask = 2147483647;
			files = (
			);
			runOnlyForDeploymentPostprocessing = 0;
		};
/* End PBXFrameworksBuildPhase section */

/* Begin PBXGroup section */
		AB2C91A527ECA7D000D21A3E /* Timed */ = {
			isa = PBXGroup;
			children = (
				AB5A7C1827EC13BE009C70ED /* TimedView.swift */,
				AB2C91A727ECA80600D21A3E /* AnswerViewTimed.swift */,
				AB2C91A927ECBB3E00D21A3E /* StatsViewTimed.swift */,
				AB2C91AB27ECBC2000D21A3E /* GameViewTimed.swift */,
				AB2C91AD27ECBCBB00D21A3E /* GameOverTimed.swift */,
			);
			path = Timed;
			sourceTree = "<group>";
		};
		AB2C91A627ECA7D500D21A3E /* Max */ = {
			isa = PBXGroup;
			children = (
				AB5A7C1C27EC14E6009C70ED /* MaxQuestionsView.swift */,
				AB08889027F2087800E12C55 /* GameViewMaxQ.swift */,
				AB08889227F215CC00E12C55 /* AnswerViewMaxQ.swift */,
				AB08889427F2184B00E12C55 /* StatsViewMaxQ.swift */,
				AB08889627F218D100E12C55 /* GameOverMaxQ.swift */,
			);
			path = Max;
			sourceTree = "<group>";
		};
		AB34EF2C27F49F8E003EA7EE /* Resources */ = {
			isa = PBXGroup;
			children = (
				AB34EF3127F4A184003EA7EE /* timedData.json */,
				AB34EF2D27F49FFA003EA7EE /* maxData.json */,
				AB34EF2F27F4A17D003EA7EE /* endlessData.json */,
			);
			path = Resources;
			sourceTree = "<group>";
		};
		AB4B642A27DB97F400ADB13A = {
			isa = PBXGroup;
			children = (
				AB4B643527DB97F400ADB13A /* Simple Math (SwiftUI) */,
				AB4B643427DB97F400ADB13A /* Products */,
			);
			sourceTree = "<group>";
		};
		AB4B643427DB97F400ADB13A /* Products */ = {
			isa = PBXGroup;
			children = (
				AB4B643327DB97F400ADB13A /* Simple Math (SwiftUI).app */,
			);
			name = Products;
			sourceTree = "<group>";
		};
		AB4B643527DB97F400ADB13A /* Simple Math (SwiftUI) */ = {
			isa = PBXGroup;
			children = (
				AB4B643627DB97F400ADB13A /* Simple_Math__SwiftUI_App.swift */,
				AB4B644427DB98E000ADB13A /* Views */,
				ABC936D627DFE95900C054E3 /* Model */,
				AB34EF2C27F49F8E003EA7EE /* Resources */,
				AB4B643A27DB97F400ADB13A /* Assets.xcassets */,
				AB4B643C27DB97F400ADB13A /* Preview Content */,
			);
			path = "Simple Math (SwiftUI)";
			sourceTree = "<group>";
		};
		AB4B643C27DB97F400ADB13A /* Preview Content */ = {
			isa = PBXGroup;
			children = (
				AB4B643D27DB97F400ADB13A /* Preview Assets.xcassets */,
			);
			path = "Preview Content";
			sourceTree = "<group>";
		};
		AB4B644427DB98E000ADB13A /* Views */ = {
			isa = PBXGroup;
			children = (
				AB4B643827DB97F400ADB13A /* ContentView.swift */,
				AB5A7C1B27EC141E009C70ED /* Modes */,
				ABE241E227ECA63100858474 /* Circular Views */,
			);
			path = Views;
			sourceTree = "<group>";
		};
		AB5A7C1A27EC1411009C70ED /* Endless */ = {
			isa = PBXGroup;
			children = (
				ABC936DF27E0253300C054E3 /* EndlessView.swift */,
				AB358CFD27DFB84A00A6DB1F /* AnswerViewEndless.swift */,
				AB358CFF27DFB92A00A6DB1F /* StatsViewEndless.swift */,
				ABE241E327ECA6AA00858474 /* GameViewEndless.swift */,
				AB082B2027FA1F420018F301 /* NoSpaceList.swift */,
			);
			path = Endless;
			sourceTree = "<group>";
		};
		AB5A7C1B27EC141E009C70ED /* Modes */ = {
			isa = PBXGroup;
			children = (
				AB5A7C1A27EC1411009C70ED /* Endless */,
				AB2C91A527ECA7D000D21A3E /* Timed */,
				AB2C91A627ECA7D500D21A3E /* Max */,
			);
			path = Modes;
			sourceTree = "<group>";
		};
		ABC936D627DFE95900C054E3 /* Model */ = {
			isa = PBXGroup;
			children = (
				ABC936D727DFE96F00C054E3 /* Equation.swift */,
				ABE241DF27EC9D7300858474 /* Mode Brains */,
				AB34EF2A27F3777D003EA7EE /* ModelData.swift */,
			);
			path = Model;
			sourceTree = "<group>";
		};
		ABE241DF27EC9D7300858474 /* Mode Brains */ = {
			isa = PBXGroup;
			children = (
				AB2EF99F27E214CC007AD225 /* EndlessBrain.swift */,
				ABE241DB27EC9D5E00858474 /* TimedBrain.swift */,
				ABE241DD27EC9D6900858474 /* MaxBrain.swift */,
			);
			path = "Mode Brains";
			sourceTree = "<group>";
		};
		ABE241E227ECA63100858474 /* Circular Views */ = {
			isa = PBXGroup;
			children = (
				AB358D0327DFC9A100A6DB1F /* CircularPercentageBar.swift */,
				ABC936DB27E00C9B00C054E3 /* CircularRatioBar.swift */,
			);
			path = "Circular Views";
			sourceTree = "<group>";
		};
/* End PBXGroup section */

/* Begin PBXNativeTarget section */
		AB4B643227DB97F400ADB13A /* Simple Math (SwiftUI) */ = {
			isa = PBXNativeTarget;
			buildConfigurationList = AB4B644127DB97F400ADB13A /* Build configuration list for PBXNativeTarget "Simple Math (SwiftUI)" */;
			buildPhases = (
				AB4B642F27DB97F400ADB13A /* Sources */,
				AB4B643027DB97F400ADB13A /* Frameworks */,
				AB4B643127DB97F400ADB13A /* Resources */,
			);
			buildRules = (
			);
			dependencies = (
			);
			name = "Simple Math (SwiftUI)";
			productName = "Simple Math (SwiftUI)";
			productReference = AB4B643327DB97F400ADB13A /* Simple Math (SwiftUI).app */;
			productType = "com.apple.product-type.application";
		};
/* End PBXNativeTarget section */

/* Begin PBXProject section */
		AB4B642B27DB97F400ADB13A /* Project object */ = {
			isa = PBXProject;
			attributes = {
				BuildIndependentTargetsInParallel = 1;
				LastSwiftUpdateCheck = 1320;
				LastUpgradeCheck = 1320;
				TargetAttributes = {
					AB4B643227DB97F400ADB13A = {
						CreatedOnToolsVersion = 13.2.1;
					};
				};
			};
			buildConfigurationList = AB4B642E27DB97F400ADB13A /* Build configuration list for PBXProject "Simple Math (SwiftUI)" */;
			compatibilityVersion = "Xcode 13.0";
			developmentRegion = en;
			hasScannedForEncodings = 0;
			knownRegions = (
				en,
				Base,
			);
			mainGroup = AB4B642A27DB97F400ADB13A;
			productRefGroup = AB4B643427DB97F400ADB13A /* Products */;
			projectDirPath = "";
			projectRoot = "";
			targets = (
				AB4B643227DB97F400ADB13A /* Simple Math (SwiftUI) */,
			);
		};
/* End PBXProject section */

/* Begin PBXResourcesBuildPhase section */
		AB4B643127DB97F400ADB13A /* Resources */ = {
			isa = PBXResourcesBuildPhase;
			buildActionMask = 2147483647;
			files = (
				AB34EF3027F4A17D003EA7EE /* endlessData.json in Resources */,
				AB34EF3227F4A184003EA7EE /* timedData.json in Resources */,
				AB4B643E27DB97F400ADB13A /* Preview Assets.xcassets in Resources */,
				AB34EF2E27F49FFA003EA7EE /* maxData.json in Resources */,
				AB4B643B27DB97F400ADB13A /* Assets.xcassets in Resources */,
			);
			runOnlyForDeploymentPostprocessing = 0;
		};
/* End PBXResourcesBuildPhase section */

/* Begin PBXSourcesBuildPhase section */
		AB4B642F27DB97F400ADB13A /* Sources */ = {
			isa = PBXSourcesBuildPhase;
			buildActionMask = 2147483647;
			files = (
				AB358D0027DFB92A00A6DB1F /* StatsViewEndless.swift in Sources */,
				AB4B643927DB97F400ADB13A /* ContentView.swift in Sources */,
				ABC936DC27E00C9B00C054E3 /* CircularRatioBar.swift in Sources */,
				ABE241E427ECA6AA00858474 /* GameViewEndless.swift in Sources */,
				AB08889127F2087800E12C55 /* GameViewMaxQ.swift in Sources */,
				ABC936E027E0253300C054E3 /* EndlessView.swift in Sources */,
				AB08889527F2184B00E12C55 /* StatsViewMaxQ.swift in Sources */,
				AB2C91AE27ECBCBB00D21A3E /* GameOverTimed.swift in Sources */,
				AB34EF2B27F3777D003EA7EE /* ModelData.swift in Sources */,
				AB4B643727DB97F400ADB13A /* Simple_Math__SwiftUI_App.swift in Sources */,
				AB08889727F218D100E12C55 /* GameOverMaxQ.swift in Sources */,
				AB5A7C1927EC13BE009C70ED /* TimedView.swift in Sources */,
				ABE241DE27EC9D6900858474 /* MaxBrain.swift in Sources */,
				AB2EF9A027E214CC007AD225 /* EndlessBrain.swift in Sources */,
				AB5A7C1D27EC14E6009C70ED /* MaxQuestionsView.swift in Sources */,
				AB08889327F215CC00E12C55 /* AnswerViewMaxQ.swift in Sources */,
				AB358D0427DFC9A100A6DB1F /* CircularPercentageBar.swift in Sources */,
				AB358CFE27DFB84A00A6DB1F /* AnswerViewEndless.swift in Sources */,
				AB2C91AA27ECBB3E00D21A3E /* StatsViewTimed.swift in Sources */,
				ABE241DC27EC9D5E00858474 /* TimedBrain.swift in Sources */,
				AB2C91A827ECA80600D21A3E /* AnswerViewTimed.swift in Sources */,
				AB2C91AC27ECBC2000D21A3E /* GameViewTimed.swift in Sources */,
				ABC936D827DFE96F00C054E3 /* Equation.swift in Sources */,
				AB082B2127FA1F420018F301 /* NoSpaceList.swift in Sources */,
			);
			runOnlyForDeploymentPostprocessing = 0;
		};
/* End PBXSourcesBuildPhase section */

/* Begin XCBuildConfiguration section */
		AB4B643F27DB97F400ADB13A /* Debug */ = {
			isa = XCBuildConfiguration;
			buildSettings = {
				ALWAYS_SEARCH_USER_PATHS = NO;
				CLANG_ANALYZER_NONNULL = YES;
				CLANG_ANALYZER_NUMBER_OBJECT_CONVERSION = YES_AGGRESSIVE;
				CLANG_CXX_LANGUAGE_STANDARD = "gnu++17";
				CLANG_CXX_LIBRARY = "libc++";
				CLANG_ENABLE_MODULES = YES;
				CLANG_ENABLE_OBJC_ARC = YES;
				CLANG_ENABLE_OBJC_WEAK = YES;
				CLANG_TIDY_BUGPRONE_REDUNDANT_BRANCH_CONDITION = YES;
				CLANG_TIDY_MISC_REDUNDANT_EXPRESSION = YES;
				CLANG_WARN_BLOCK_CAPTURE_AUTORELEASING = YES;
				CLANG_WARN_BOOL_CONVERSION = YES;
				CLANG_WARN_COMMA = YES;
				CLANG_WARN_CONSTANT_CONVERSION = YES;
				CLANG_WARN_DEPRECATED_OBJC_IMPLEMENTATIONS = YES;
				CLANG_WARN_DIRECT_OBJC_ISA_USAGE = YES_ERROR;
				CLANG_WARN_DOCUMENTATION_COMMENTS = YES;
				CLANG_WARN_EMPTY_BODY = YES;
				CLANG_WARN_ENUM_CONVERSION = YES;
				CLANG_WARN_INFINITE_RECURSION = YES;
				CLANG_WARN_INT_CONVERSION = YES;
				CLANG_WARN_NON_LITERAL_NULL_CONVERSION = YES;
				CLANG_WARN_OBJC_IMPLICIT_RETAIN_SELF = YES;
				CLANG_WARN_OBJC_LITERAL_CONVERSION = YES;
				CLANG_WARN_OBJC_ROOT_CLASS = YES_ERROR;
				CLANG_WARN_QUOTED_INCLUDE_IN_FRAMEWORK_HEADER = YES;
				CLANG_WARN_RANGE_LOOP_ANALYSIS = YES;
				CLANG_WARN_STRICT_PROTOTYPES = YES;
				CLANG_WARN_SUSPICIOUS_MOVE = YES;
				CLANG_WARN_UNGUARDED_AVAILABILITY = YES_AGGRESSIVE;
				CLANG_WARN_UNREACHABLE_CODE = YES;
				CLANG_WARN__DUPLICATE_METHOD_MATCH = YES;
				COPY_PHASE_STRIP = NO;
				DEBUG_INFORMATION_FORMAT = dwarf;
				ENABLE_STRICT_OBJC_MSGSEND = YES;
				ENABLE_TESTABILITY = YES;
				GCC_C_LANGUAGE_STANDARD = gnu11;
				GCC_DYNAMIC_NO_PIC = NO;
				GCC_NO_COMMON_BLOCKS = YES;
				GCC_OPTIMIZATION_LEVEL = 0;
				GCC_PREPROCESSOR_DEFINITIONS = (
					"DEBUG=1",
					"$(inherited)",
				);
				GCC_WARN_64_TO_32_BIT_CONVERSION = YES;
				GCC_WARN_ABOUT_RETURN_TYPE = YES_ERROR;
				GCC_WARN_UNDECLARED_SELECTOR = YES;
				GCC_WARN_UNINITIALIZED_AUTOS = YES_AGGRESSIVE;
				GCC_WARN_UNUSED_FUNCTION = YES;
				GCC_WARN_UNUSED_LABEL = YES;
				GCC_WARN_UNUSED_PARAMETER = YES;
				GCC_WARN_UNUSED_VARIABLE = YES;
				IPHONEOS_DEPLOYMENT_TARGET = 15.2;
				MTL_ENABLE_DEBUG_INFO = INCLUDE_SOURCE;
				MTL_FAST_MATH = YES;
				ONLY_ACTIVE_ARCH = YES;
				SDKROOT = iphoneos;
				SWIFT_ACTIVE_COMPILATION_CONDITIONS = DEBUG;
				SWIFT_OPTIMIZATION_LEVEL = "-Onone";
			};
			name = Debug;
		};
		AB4B644027DB97F400ADB13A /* Release */ = {
			isa = XCBuildConfiguration;
			buildSettings = {
				ALWAYS_SEARCH_USER_PATHS = NO;
				CLANG_ANALYZER_NONNULL = YES;
				CLANG_ANALYZER_NUMBER_OBJECT_CONVERSION = YES_AGGRESSIVE;
				CLANG_CXX_LANGUAGE_STANDARD = "gnu++17";
				CLANG_CXX_LIBRARY = "libc++";
				CLANG_ENABLE_MODULES = YES;
				CLANG_ENABLE_OBJC_ARC = YES;
				CLANG_ENABLE_OBJC_WEAK = YES;
				CLANG_TIDY_BUGPRONE_REDUNDANT_BRANCH_CONDITION = YES;
				CLANG_TIDY_MISC_REDUNDANT_EXPRESSION = YES;
				CLANG_WARN_BLOCK_CAPTURE_AUTORELEASING = YES;
				CLANG_WARN_BOOL_CONVERSION = YES;
				CLANG_WARN_COMMA = YES;
				CLANG_WARN_CONSTANT_CONVERSION = YES;
				CLANG_WARN_DEPRECATED_OBJC_IMPLEMENTATIONS = YES;
				CLANG_WARN_DIRECT_OBJC_ISA_USAGE = YES_ERROR;
				CLANG_WARN_DOCUMENTATION_COMMENTS = YES;
				CLANG_WARN_EMPTY_BODY = YES;
				CLANG_WARN_ENUM_CONVERSION = YES;
				CLANG_WARN_INFINITE_RECURSION = YES;
				CLANG_WARN_INT_CONVERSION = YES;
				CLANG_WARN_NON_LITERAL_NULL_CONVERSION = YES;
				CLANG_WARN_OBJC_IMPLICIT_RETAIN_SELF = YES;
				CLANG_WARN_OBJC_LITERAL_CONVERSION = YES;
				CLANG_WARN_OBJC_ROOT_CLASS = YES_ERROR;
				CLANG_WARN_QUOTED_INCLUDE_IN_FRAMEWORK_HEADER = YES;
				CLANG_WARN_RANGE_LOOP_ANALYSIS = YES;
				CLANG_WARN_STRICT_PROTOTYPES = YES;
				CLANG_WARN_SUSPICIOUS_MOVE = YES;
				CLANG_WARN_UNGUARDED_AVAILABILITY = YES_AGGRESSIVE;
				CLANG_WARN_UNREACHABLE_CODE = YES;
				CLANG_WARN__DUPLICATE_METHOD_MATCH = YES;
				COPY_PHASE_STRIP = NO;
				DEBUG_INFORMATION_FORMAT = "dwarf-with-dsym";
				ENABLE_NS_ASSERTIONS = NO;
				ENABLE_STRICT_OBJC_MSGSEND = YES;
				GCC_C_LANGUAGE_STANDARD = gnu11;
				GCC_NO_COMMON_BLOCKS = YES;
				GCC_WARN_64_TO_32_BIT_CONVERSION = YES;
				GCC_WARN_ABOUT_RETURN_TYPE = YES_ERROR;
				GCC_WARN_UNDECLARED_SELECTOR = YES;
				GCC_WARN_UNINITIALIZED_AUTOS = YES_AGGRESSIVE;
				GCC_WARN_UNUSED_FUNCTION = YES;
				GCC_WARN_UNUSED_LABEL = YES;
				GCC_WARN_UNUSED_PARAMETER = YES;
				GCC_WARN_UNUSED_VARIABLE = YES;
				IPHONEOS_DEPLOYMENT_TARGET = 15.2;
				MTL_ENABLE_DEBUG_INFO = NO;
				MTL_FAST_MATH = YES;
				SDKROOT = iphoneos;
				SWIFT_COMPILATION_MODE = wholemodule;
				SWIFT_OPTIMIZATION_LEVEL = "-O";
				VALIDATE_PRODUCT = YES;
			};
			name = Release;
		};
		AB4B644227DB97F400ADB13A /* Debug */ = {
			isa = XCBuildConfiguration;
			buildSettings = {
				ASSETCATALOG_COMPILER_APPICON_NAME = AppIcon;
				ASSETCATALOG_COMPILER_GLOBAL_ACCENT_COLOR_NAME = AccentColor;
				CODE_SIGN_STYLE = Automatic;
				CURRENT_PROJECT_VERSION = 1;
				DEVELOPMENT_ASSET_PATHS = "\"Simple Math (SwiftUI)/Preview Content\"";
				DEVELOPMENT_TEAM = 9LT7W8H9MR;
				ENABLE_PREVIEWS = YES;
				GENERATE_INFOPLIST_FILE = YES;
				INFOPLIST_KEY_UIApplicationSceneManifest_Generation = YES;
				INFOPLIST_KEY_UIApplicationSupportsIndirectInputEvents = YES;
				INFOPLIST_KEY_UILaunchScreen_Generation = YES;
				INFOPLIST_KEY_UISupportedInterfaceOrientations_iPad = "UIInterfaceOrientationPortrait UIInterfaceOrientationPortraitUpsideDown UIInterfaceOrientationLandscapeLeft UIInterfaceOrientationLandscapeRight";
				INFOPLIST_KEY_UISupportedInterfaceOrientations_iPhone = "UIInterfaceOrientationPortrait UIInterfaceOrientationLandscapeLeft UIInterfaceOrientationLandscapeRight";
				LD_RUNPATH_SEARCH_PATHS = (
					"$(inherited)",
					"@executable_path/Frameworks",
				);
				MARKETING_VERSION = 1.0;
				PRODUCT_BUNDLE_IDENTIFIER = "com.hoffmann.parker.Simple-Math--SwiftUI-";
				PRODUCT_NAME = "$(TARGET_NAME)";
				SWIFT_EMIT_LOC_STRINGS = YES;
				SWIFT_VERSION = 5.0;
				TARGETED_DEVICE_FAMILY = 1;
			};
			name = Debug;
		};
		AB4B644327DB97F400ADB13A /* Release */ = {
			isa = XCBuildConfiguration;
			buildSettings = {
				ASSETCATALOG_COMPILER_APPICON_NAME = AppIcon;
				ASSETCATALOG_COMPILER_GLOBAL_ACCENT_COLOR_NAME = AccentColor;
				CODE_SIGN_STYLE = Automatic;
				CURRENT_PROJECT_VERSION = 1;
				DEVELOPMENT_ASSET_PATHS = "\"Simple Math (SwiftUI)/Preview Content\"";
				DEVELOPMENT_TEAM = 9LT7W8H9MR;
				ENABLE_PREVIEWS = YES;
				GENERATE_INFOPLIST_FILE = YES;
				INFOPLIST_KEY_UIApplicationSceneManifest_Generation = YES;
				INFOPLIST_KEY_UIApplicationSupportsIndirectInputEvents = YES;
				INFOPLIST_KEY_UILaunchScreen_Generation = YES;
				INFOPLIST_KEY_UISupportedInterfaceOrientations_iPad = "UIInterfaceOrientationPortrait UIInterfaceOrientationPortraitUpsideDown UIInterfaceOrientationLandscapeLeft UIInterfaceOrientationLandscapeRight";
				INFOPLIST_KEY_UISupportedInterfaceOrientations_iPhone = "UIInterfaceOrientationPortrait UIInterfaceOrientationLandscapeLeft UIInterfaceOrientationLandscapeRight";
				LD_RUNPATH_SEARCH_PATHS = (
					"$(inherited)",
					"@executable_path/Frameworks",
				);
				MARKETING_VERSION = 1.0;
				PRODUCT_BUNDLE_IDENTIFIER = "com.hoffmann.parker.Simple-Math--SwiftUI-";
				PRODUCT_NAME = "$(TARGET_NAME)";
				SWIFT_EMIT_LOC_STRINGS = YES;
				SWIFT_VERSION = 5.0;
				TARGETED_DEVICE_FAMILY = 1;
			};
			name = Release;
		};
/* End XCBuildConfiguration section */

/* Begin XCConfigurationList section */
		AB4B642E27DB97F400ADB13A /* Build configuration list for PBXProject "Simple Math (SwiftUI)" */ = {
			isa = XCConfigurationList;
			buildConfigurations = (
				AB4B643F27DB97F400ADB13A /* Debug */,
				AB4B644027DB97F400ADB13A /* Release */,
			);
			defaultConfigurationIsVisible = 0;
			defaultConfigurationName = Release;
		};
		AB4B644127DB97F400ADB13A /* Build configuration list for PBXNativeTarget "Simple Math (SwiftUI)" */ = {
			isa = XCConfigurationList;
			buildConfigurations = (
				AB4B644227DB97F400ADB13A /* Debug */,
				AB4B644327DB97F400ADB13A /* Release */,
			);
			defaultConfigurationIsVisible = 0;
			defaultConfigurationName = Release;
		};
/* End XCConfigurationList section */
	};
	rootObject = AB4B642B27DB97F400ADB13A /* Project object */;
}
